
Microsoft Visual Studio Solution File, Format Version 12.00
# Visual Studio 15
VisualStudioVersion = 15.0.28010.2046
MinimumVisualStudioVersion = 10.0.40219.1
Project("{2150E333-8FDC-42A3-9474-1A3956D46DE8}") = "csharp6", "csharp6", "{B8E507BC-3C81-4F1C-A5B6-490EC8149E57}"
EndProject
Project("{FAE04EC0-301F-11D3-BF4B-00C04F79EFBC}") = "csharp6Features", "csharp6Features\csharp6Features.csproj", "{55D2036D-93BD-4015-9FF3-1FCFC76A98C9}"
EndProject
Global
	GlobalSection(SolutionConfigurationPlatforms) = preSolution
		Debug|Any CPU = Debug|Any CPU
		Release|Any CPU = Release|Any CPU
	EndGlobalSection
	GlobalSection(ProjectConfigurationPlatforms) = postSolution
		{55D2036D-93BD-4015-9FF3-1FCFC76A98C9}.Debug|Any CPU.ActiveCfg = Debug|Any CPU
		{55D2036D-93BD-4015-9FF3-1FCFC76A98C9}.Debug|Any CPU.Build.0 = Debug|Any CPU
		{55D2036D-93BD-4015-9FF3-1FCFC76A98C9}.Release|Any CPU.ActiveCfg = Release|Any CPU
		{55D2036D-93BD-4015-9FF3-1FCFC76A98C9}.Release|Any CPU.Build.0 = Release|Any CPU
	EndGlobalSection
	GlobalSection(SolutionProperties) = preSolution
		HideSolutionNode = FALSE
	EndGlobalSection
	GlobalSection(NestedProjects) = preSolution
		{55D2036D-93BD-4015-9FF3-1FCFC76A98C9} = {B8E507BC-3C81-4F1C-A5B6-490EC8149E57}
	EndGlobalSection
	GlobalSection(ExtensibilityGlobals) = postSolution
		SolutionGuid = {9764FC25-D85F-4483-A47A-EDE4E2C4AA9E}
	EndGlobalSection
EndGlobal
