
Microsoft Visual Studio Solution File, Format Version 12.00
# Visual Studio Version 16
VisualStudioVersion = 16.0.28822.285
MinimumVisualStudioVersion = 10.0.40219.1
Project("{2150E333-8FDC-42A3-9474-1A3956D46DE8}") = "csharp6", "csharp6", "{B8E507BC-3C81-4F1C-A5B6-490EC8149E57}"
EndProject
Project("{9A19103F-16F7-4668-BE54-9A1E7A4F7556}") = "csharp6Features", "csharp6Features\csharp6Features.csproj", "{55D2036D-93BD-4015-9FF3-1FCFC76A98C9}"
EndProject
Project("{2150E333-8FDC-42A3-9474-1A3956D46DE8}") = "csharp7", "csharp7", "{4CCB8214-8491-4E89-B5D8-72310857F50A}"
EndProject
Project("{9A19103F-16F7-4668-BE54-9A1E7A4F7556}") = "csharp7Features", "csharp7Features\csharp7Features.csproj", "{E8DDCA96-256B-42B4-9F45-FABC2EEABC77}"
EndProject
Project("{9A19103F-16F7-4668-BE54-9A1E7A4F7556}") = "csharp7.1Features", "csharp7.1Features\csharp7.1Features.csproj", "{1A042207-8C44-45C9-8B8D-6AFDB8CF9832}"
EndProject
Project("{9A19103F-16F7-4668-BE54-9A1E7A4F7556}") = "csharp7.2FeaturesAssembly", "csharp7.2FeaturesAssembly\csharp7.2FeaturesAssembly.csproj", "{F57D3F29-14CB-4C80-9A94-43BE2CF52978}"
EndProject
Project("{9A19103F-16F7-4668-BE54-9A1E7A4F7556}") = "csharp7.2Features", "csharp7.2Features\csharp7.2Features.csproj", "{3DF334F3-5EA9-474A-8EED-386A3AD0FAE4}"
EndProject
Project("{9A19103F-16F7-4668-BE54-9A1E7A4F7556}") = "csharp7.3Features", "csharp7.3Features\csharp7.3Features.csproj", "{C3084DEC-632A-40F5-968B-EA5FA897664E}"
EndProject
Project("{2150E333-8FDC-42A3-9474-1A3956D46DE8}") = "csharp8", "csharp8", "{CAF2F78D-3F0F-4CEC-B5EC-3ABB3E430A27}"
EndProject
Project("{2150E333-8FDC-42A3-9474-1A3956D46DE8}") = "csharp9", "csharp9", "{106AF3D9-6BC7-4AD3-8E88-42AEB26DA687}"
EndProject
Project("{FAE04EC0-301F-11D3-BF4B-00C04F79EFBC}") = "csharp8Features", "csharp8Features\csharp8Features.csproj", "{F20F2B24-8264-4802-9466-FF68BF358AB2}"
EndProject
Project("{FAE04EC0-301F-11D3-BF4B-00C04F79EFBC}") = "csharp9Features", "csharp9Features\csharp9Features.csproj", "{BB0CA321-04AE-490A-B756-8C72FA6827B3}"
EndProject
Global
	GlobalSection(SolutionConfigurationPlatforms) = preSolution
		Debug|Any CPU = Debug|Any CPU
		Release|Any CPU = Release|Any CPU
	EndGlobalSection
	GlobalSection(ProjectConfigurationPlatforms) = postSolution
		{55D2036D-93BD-4015-9FF3-1FCFC76A98C9}.Debug|Any CPU.ActiveCfg = Debug|Any CPU
		{55D2036D-93BD-4015-9FF3-1FCFC76A98C9}.Debug|Any CPU.Build.0 = Debug|Any CPU
		{55D2036D-93BD-4015-9FF3-1FCFC76A98C9}.Release|Any CPU.ActiveCfg = Release|Any CPU
		{55D2036D-93BD-4015-9FF3-1FCFC76A98C9}.Release|Any CPU.Build.0 = Release|Any CPU
		{E8DDCA96-256B-42B4-9F45-FABC2EEABC77}.Debug|Any CPU.ActiveCfg = Debug|Any CPU
		{E8DDCA96-256B-42B4-9F45-FABC2EEABC77}.Debug|Any CPU.Build.0 = Debug|Any CPU
		{E8DDCA96-256B-42B4-9F45-FABC2EEABC77}.Release|Any CPU.ActiveCfg = Release|Any CPU
		{E8DDCA96-256B-42B4-9F45-FABC2EEABC77}.Release|Any CPU.Build.0 = Release|Any CPU
		{1A042207-8C44-45C9-8B8D-6AFDB8CF9832}.Debug|Any CPU.ActiveCfg = Debug|Any CPU
		{1A042207-8C44-45C9-8B8D-6AFDB8CF9832}.Debug|Any CPU.Build.0 = Debug|Any CPU
		{1A042207-8C44-45C9-8B8D-6AFDB8CF9832}.Release|Any CPU.ActiveCfg = Release|Any CPU
		{1A042207-8C44-45C9-8B8D-6AFDB8CF9832}.Release|Any CPU.Build.0 = Release|Any CPU
		{F57D3F29-14CB-4C80-9A94-43BE2CF52978}.Debug|Any CPU.ActiveCfg = Debug|Any CPU
		{F57D3F29-14CB-4C80-9A94-43BE2CF52978}.Debug|Any CPU.Build.0 = Debug|Any CPU
		{F57D3F29-14CB-4C80-9A94-43BE2CF52978}.Release|Any CPU.ActiveCfg = Release|Any CPU
		{F57D3F29-14CB-4C80-9A94-43BE2CF52978}.Release|Any CPU.Build.0 = Release|Any CPU
		{3DF334F3-5EA9-474A-8EED-386A3AD0FAE4}.Debug|Any CPU.ActiveCfg = Debug|Any CPU
		{3DF334F3-5EA9-474A-8EED-386A3AD0FAE4}.Debug|Any CPU.Build.0 = Debug|Any CPU
		{3DF334F3-5EA9-474A-8EED-386A3AD0FAE4}.Release|Any CPU.ActiveCfg = Release|Any CPU
		{3DF334F3-5EA9-474A-8EED-386A3AD0FAE4}.Release|Any CPU.Build.0 = Release|Any CPU
		{C3084DEC-632A-40F5-968B-EA5FA897664E}.Debug|Any CPU.ActiveCfg = Debug|Any CPU
		{C3084DEC-632A-40F5-968B-EA5FA897664E}.Debug|Any CPU.Build.0 = Debug|Any CPU
		{C3084DEC-632A-40F5-968B-EA5FA897664E}.Release|Any CPU.ActiveCfg = Release|Any CPU
		{C3084DEC-632A-40F5-968B-EA5FA897664E}.Release|Any CPU.Build.0 = Release|Any CPU
		{F20F2B24-8264-4802-9466-FF68BF358AB2}.Debug|Any CPU.ActiveCfg = Debug|Any CPU
		{F20F2B24-8264-4802-9466-FF68BF358AB2}.Debug|Any CPU.Build.0 = Debug|Any CPU
		{F20F2B24-8264-4802-9466-FF68BF358AB2}.Release|Any CPU.ActiveCfg = Release|Any CPU
		{F20F2B24-8264-4802-9466-FF68BF358AB2}.Release|Any CPU.Build.0 = Release|Any CPU
		{BB0CA321-04AE-490A-B756-8C72FA6827B3}.Debug|Any CPU.ActiveCfg = Debug|Any CPU
		{BB0CA321-04AE-490A-B756-8C72FA6827B3}.Debug|Any CPU.Build.0 = Debug|Any CPU
		{BB0CA321-04AE-490A-B756-8C72FA6827B3}.Release|Any CPU.ActiveCfg = Release|Any CPU
		{BB0CA321-04AE-490A-B756-8C72FA6827B3}.Release|Any CPU.Build.0 = Release|Any CPU
	EndGlobalSection
	GlobalSection(SolutionProperties) = preSolution
		HideSolutionNode = FALSE
	EndGlobalSection
	GlobalSection(NestedProjects) = preSolution
		{55D2036D-93BD-4015-9FF3-1FCFC76A98C9} = {B8E507BC-3C81-4F1C-A5B6-490EC8149E57}
		{E8DDCA96-256B-42B4-9F45-FABC2EEABC77} = {4CCB8214-8491-4E89-B5D8-72310857F50A}
		{1A042207-8C44-45C9-8B8D-6AFDB8CF9832} = {4CCB8214-8491-4E89-B5D8-72310857F50A}
		{F57D3F29-14CB-4C80-9A94-43BE2CF52978} = {4CCB8214-8491-4E89-B5D8-72310857F50A}
		{3DF334F3-5EA9-474A-8EED-386A3AD0FAE4} = {4CCB8214-8491-4E89-B5D8-72310857F50A}
		{C3084DEC-632A-40F5-968B-EA5FA897664E} = {4CCB8214-8491-4E89-B5D8-72310857F50A}
		{F20F2B24-8264-4802-9466-FF68BF358AB2} = {CAF2F78D-3F0F-4CEC-B5EC-3ABB3E430A27}
		{BB0CA321-04AE-490A-B756-8C72FA6827B3} = {106AF3D9-6BC7-4AD3-8E88-42AEB26DA687}
	EndGlobalSection
	GlobalSection(ExtensibilityGlobals) = postSolution
		SolutionGuid = {9764FC25-D85F-4483-A47A-EDE4E2C4AA9E}
	EndGlobalSection
EndGlobal
